
Microsoft Visual Studio Solution File, Format Version 12.00
# Visual Studio 2012
Project("{E24C65DC-7377-472B-9ABA-BC803B73C61A}") = "ContadorPasos", "http://localhost:49679", "{C2B8B320-8493-4E5C-A073-2B0284F41C81}"
	ProjectSection(WebsiteProperties) = preProject
		UseIISExpress = "true"
		TargetFrameworkMoniker = ".NETFramework,Version%3Dv4.0"
		Debug.AspNetCompiler.VirtualPath = "/localhost_49679"
		Debug.AspNetCompiler.PhysicalPath = "..\ContadorPasos\"
		Debug.AspNetCompiler.TargetPath = "PrecompiledWeb\localhost_49679\"
		Debug.AspNetCompiler.Updateable = "true"
		Debug.AspNetCompiler.ForceOverwrite = "true"
		Debug.AspNetCompiler.FixedNames = "false"
		Debug.AspNetCompiler.Debug = "True"
		Release.AspNetCompiler.VirtualPath = "/localhost_49679"
		Release.AspNetCompiler.PhysicalPath = "..\ContadorPasos\"
		Release.AspNetCompiler.TargetPath = "PrecompiledWeb\localhost_49679\"
		Release.AspNetCompiler.Updateable = "true"
		Release.AspNetCompiler.ForceOverwrite = "true"
		Release.AspNetCompiler.FixedNames = "false"
		Release.AspNetCompiler.Debug = "False"
		SlnRelativePath = "..\ContadorPasos\"
	EndProjectSection
EndProject
Global
	GlobalSection(SolutionConfigurationPlatforms) = preSolution
		Debug|Any CPU = Debug|Any CPU
	EndGlobalSection
	GlobalSection(ProjectConfigurationPlatforms) = postSolution
		{C2B8B320-8493-4E5C-A073-2B0284F41C81}.Debug|Any CPU.ActiveCfg = Debug|Any CPU
		{C2B8B320-8493-4E5C-A073-2B0284F41C81}.Debug|Any CPU.Build.0 = Debug|Any CPU
	EndGlobalSection
	GlobalSection(SolutionProperties) = preSolution
		HideSolutionNode = FALSE
	EndGlobalSection
EndGlobal
